{
  "lockfileVersion": 1,
  "configVersion": 1,
  "workspaces": {
    "": {
      "name": "roomy-streamplace-event-bridge",
      "dependencies": {
        "@atcute/jetstream": "^1.1.2",
        "@roomy-space/sdk": "^0.3.1",
        "arktype": "^2.2.0",
      },
      "devDependencies": {
        "@types/bun": "latest",
      },
      "peerDependencies": {
        "typescript": "^5",
      },
    },
  },
  "packages": {
    "@ark/schema": ["@ark/schema@0.56.0", "", { "dependencies": { "@ark/util": "0.56.0" } }, "sha512-ECg3hox/6Z/nLajxXqNhgPtNdHWC9zNsDyskwO28WinoFEnWow4IsERNz9AnXRhTZJnYIlAJ4uGn3nlLk65vZA=="],

    "@ark/util": ["@ark/util@0.56.0", "", {}, "sha512-BghfRC8b9pNs3vBoDJhcta0/c1J1rsoS1+HgVUreMFPdhz/CRAKReAu57YEllNaSy98rWAdY1gE+gFup7OXpgA=="],

    "@atcute/cbor": ["@atcute/cbor@2.3.2", "", { "dependencies": { "@atcute/cid": "^2.4.1", "@atcute/multibase": "^1.1.8", "@atcute/uint8array": "^1.1.1" } }, "sha512-xP2SORSau/VVI00x2V4BjwIkHr6EQ7l/MXEOPaa4LGYtePFc4gnD4L1yN10dT5NEuUnvGEuCh6arLB7gz1smVQ=="],

    "@atcute/cid": ["@atcute/cid@2.4.1", "", { "dependencies": { "@atcute/multibase": "^1.1.8", "@atcute/uint8array": "^1.1.1" } }, "sha512-bwhna69RCv7yetXudtj+2qrMPYvhhIQqvJz6YUpUS98v7OdF3X2dnye9Nig2NDrklZcuyOsu7sQo7GOykJXRLQ=="],

    "@atcute/jetstream": ["@atcute/jetstream@1.1.2", "", { "dependencies": { "@atcute/lexicons": "^1.2.2", "@badrap/valita": "^0.4.6", "@mary-ext/event-iterator": "^1.0.0", "@mary-ext/simple-event-emitter": "^1.0.0", "partysocket": "^1.1.5", "type-fest": "^4.41.0", "yocto-queue": "^1.2.1" } }, "sha512-u6p/h2xppp7LE6W/9xErAJ6frfN60s8adZuCKtfAaaBBiiYbb1CfpzN8Uc+2qtJZNorqGvuuDb5572Jmh7yHBQ=="],

    "@atcute/lexicons": ["@atcute/lexicons@1.2.9", "", { "dependencies": { "@atcute/uint8array": "^1.1.1", "@atcute/util-text": "^1.1.1", "@standard-schema/spec": "^1.1.0", "esm-env": "^1.2.2" } }, "sha512-/RRHm2Cw9o8Mcsrq0eo8fjS9okKYLGfuFwrQ0YoP/6sdSDsXshaTLJsvLlcUcaDaSJ1YFOuHIo3zr2Om2F/16g=="],

    "@atcute/multibase": ["@atcute/multibase@1.2.0", "", { "dependencies": { "@atcute/uint8array": "^1.1.1" } }, "sha512-ZK2GRra+qIYq9nNuQB52m2ul0hOmCQEtPobGfTSUxm7pF0OGEkWGkWHugFhNEDVzHzTwPxHp6VGotdZFue4lYQ=="],

    "@atcute/uint8array": ["@atcute/uint8array@1.1.1", "", {}, "sha512-3LsC8XB8TKe9q/5hOA5sFuzGaIFdJZJNewC5OKa3o/eU6+K7JR6see9Zy2JbQERNVnRl11EzbNov1efgLMAs4g=="],

    "@atcute/util-text": ["@atcute/util-text@1.2.0", "", { "dependencies": { "unicode-segmenter": "^0.14.5" } }, "sha512-b8WSh+Z7K601eUFFmTFj8QPKDO8Ic0VDDj63sdKzpkm+ySQKsYT5nXekViGqFVKbyKj1V5FyvZvgXad6/aI4QQ=="],

    "@atproto-labs/did-resolver": ["@atproto-labs/did-resolver@0.2.6", "", { "dependencies": { "@atproto-labs/fetch": "0.2.3", "@atproto-labs/pipe": "0.1.1", "@atproto-labs/simple-store": "0.3.0", "@atproto-labs/simple-store-memory": "0.1.4", "@atproto/did": "0.3.0", "zod": "^3.23.8" } }, "sha512-2K1bC04nI2fmgNcvof+yA28IhGlpWn2JKYlPa7To9JTKI45FINCGkQSGiL2nyXlyzDJJ34fZ1aq6/IRFIOIiqg=="],

    "@atproto-labs/fetch": ["@atproto-labs/fetch@0.2.3", "", { "dependencies": { "@atproto-labs/pipe": "0.1.1" } }, "sha512-NZtbJOCbxKUFRFKMpamT38PUQMY0hX0p7TG5AEYOPhZKZEP7dHZ1K2s1aB8MdVH0qxmqX7nQleNrrvLf09Zfdw=="],

    "@atproto-labs/handle-resolver": ["@atproto-labs/handle-resolver@0.3.6", "", { "dependencies": { "@atproto-labs/simple-store": "0.3.0", "@atproto-labs/simple-store-memory": "0.1.4", "@atproto/did": "0.3.0", "zod": "^3.23.8" } }, "sha512-qnSTXvOBNj1EHhp2qTWSX8MS5q3AwYU5LKlt5fBvSbCjgmTr2j0URHCv+ydrwO55KvsojIkTMgeMOh4YuY4fCA=="],

    "@atproto-labs/identity-resolver": ["@atproto-labs/identity-resolver@0.3.6", "", { "dependencies": { "@atproto-labs/did-resolver": "0.2.6", "@atproto-labs/handle-resolver": "0.3.6" } }, "sha512-qoWqBDRobln0NR8L8dQjSp79E0chGkBhibEgxQa2f9WD+JbJdjQ0YvwwO5yeQn05pJoJmAwmI2wyJ45zjU7aWg=="],

    "@atproto-labs/pipe": ["@atproto-labs/pipe@0.1.1", "", {}, "sha512-hdNw2oUs2B6BN1lp+32pF7cp8EMKuIN5Qok2Vvv/aOpG/3tNSJ9YkvfI0k6Zd188LeDDYRUpYpxcoFIcGH/FNg=="],

    "@atproto-labs/simple-store": ["@atproto-labs/simple-store@0.3.0", "", {}, "sha512-nOb6ONKBRJHRlukW1sVawUkBqReLlLx6hT35VS3imaNPwiXDxLnTK7lxw3Lrl9k5yugSBDQAkZAq3MPTEFSUBQ=="],

    "@atproto-labs/simple-store-memory": ["@atproto-labs/simple-store-memory@0.1.4", "", { "dependencies": { "@atproto-labs/simple-store": "0.3.0", "lru-cache": "^10.2.0" } }, "sha512-3mKY4dP8I7yKPFj9VKpYyCRzGJOi5CEpOLPlRhoJyLmgs3J4RzDrjn323Oakjz2Aj2JzRU/AIvWRAZVhpYNJHw=="],

    "@atproto/api": ["@atproto/api@0.14.22", "", { "dependencies": { "@atproto/common-web": "^0.4.1", "@atproto/lexicon": "^0.4.10", "@atproto/syntax": "^0.4.0", "@atproto/xrpc": "^0.6.12", "await-lock": "^2.2.2", "multiformats": "^9.9.0", "tlds": "^1.234.0", "zod": "^3.23.8" } }, "sha512-ziXPau+sUdFovObSnsoN7JbOmUw1C5e5L28/yXf3P8vbEnSS3HVVGD1jYcscBYY34xQqi4bVDpwMYx/4yRsTuQ=="],

    "@atproto/common-web": ["@atproto/common-web@0.4.19", "", { "dependencies": { "@atproto/lex-data": "^0.0.14", "@atproto/lex-json": "^0.0.14", "@atproto/syntax": "^0.5.1", "zod": "^3.23.8" } }, "sha512-3BTi58p5WpT+9/zb6UZrdsXcfPo5P45UJm0E4iwHLILr+jc37CuBj9JReDSZ4U0i9RTrI3ZkfySyZ9bd+LnMsw=="],

    "@atproto/did": ["@atproto/did@0.3.0", "", { "dependencies": { "zod": "^3.23.8" } }, "sha512-raUPzUGegtW/6OxwCmM8bhZvuIMzxG5t9oWsth6Tp91Kb5fTnHV2h/KKNF1C82doeA4BdXCErTyg7ISwLbQkzA=="],

    "@atproto/jwk": ["@atproto/jwk@0.6.0", "", { "dependencies": { "multiformats": "^9.9.0", "zod": "^3.23.8" } }, "sha512-bDoJPvt7TrQVi/rBfBrSSpGykhtIriKxeYCYQTiPRKFfyRhbgpElF0wPXADjIswnbzZdOwbY63az4E/CFVT3Tw=="],

    "@atproto/lex-data": ["@atproto/lex-data@0.0.14", "", { "dependencies": { "multiformats": "^9.9.0", "tslib": "^2.8.1", "uint8arrays": "3.0.0", "unicode-segmenter": "^0.14.0" } }, "sha512-53DUa9664SS76nGAMYopWsO10OH0AAdf7P/HSKB6Wzx3iqe6lk/K61QZnKxOG1LreYl5CfvIJU6eNf4txI6GlQ=="],

    "@atproto/lex-json": ["@atproto/lex-json@0.0.14", "", { "dependencies": { "@atproto/lex-data": "^0.0.14", "tslib": "^2.8.1" } }, "sha512-6lPkDKqe7teEu4WrN5q7400cvZKgYS3uwUMvzG3F9XkgVYhOwSDCtouV/nSLBbpvo3l9OP0kiigtclcNcyekww=="],

    "@atproto/lexicon": ["@atproto/lexicon@0.4.14", "", { "dependencies": { "@atproto/common-web": "^0.4.2", "@atproto/syntax": "^0.4.0", "iso-datestring-validator": "^2.2.2", "multiformats": "^9.9.0", "zod": "^3.23.8" } }, "sha512-jiKpmH1QER3Gvc7JVY5brwrfo+etFoe57tKPQX/SmPwjvUsFnJAow5xLIryuBaJgFAhnTZViXKs41t//pahGHQ=="],

    "@atproto/oauth-client": ["@atproto/oauth-client@0.5.14", "", { "dependencies": { "@atproto-labs/did-resolver": "0.2.6", "@atproto-labs/fetch": "0.2.3", "@atproto-labs/handle-resolver": "0.3.6", "@atproto-labs/identity-resolver": "0.3.6", "@atproto-labs/simple-store": "0.3.0", "@atproto-labs/simple-store-memory": "0.1.4", "@atproto/did": "0.3.0", "@atproto/jwk": "0.6.0", "@atproto/oauth-types": "0.6.2", "@atproto/xrpc": "0.7.7", "core-js": "^3", "multiformats": "^9.9.0", "zod": "^3.23.8" } }, "sha512-sPH+vcdq9maTEAhJI0HzmFcFAMrkCS19np+RUssNkX6kS8Xr3OYr57tvYRCbkcnIyYTfYcxKQgpwHKx3RVEaYw=="],

    "@atproto/oauth-types": ["@atproto/oauth-types@0.6.2", "", { "dependencies": { "@atproto/did": "0.3.0", "@atproto/jwk": "0.6.0", "zod": "^3.23.8" } }, "sha512-2cuboM4RQBCYR8NQC5uGRkW6KgCgKyq/B5/+tnMmWZYtZGVUQvsUWQHK/ZiMCnVXbcDNtc/RIEJQJDZ8FXMoxg=="],

    "@atproto/syntax": ["@atproto/syntax@0.4.3", "", { "dependencies": { "tslib": "^2.8.1" } }, "sha512-YoZUz40YAJr5nPwvCDWgodEOlt5IftZqPJvA0JDWjuZKD8yXddTwSzXSaKQAzGOpuM+/A3uXRtPzJJqlScc+iA=="],

    "@atproto/xrpc": ["@atproto/xrpc@0.6.12", "", { "dependencies": { "@atproto/lexicon": "^0.4.10", "zod": "^3.23.8" } }, "sha512-Ut3iISNLujlmY9Gu8sNU+SPDJDvqlVzWddU8qUr0Yae5oD4SguaUFjjhireMGhQ3M5E0KljQgDbTmnBo1kIZ3w=="],

    "@badrap/valita": ["@badrap/valita@0.4.6", "", {}, "sha512-4kdqcjyxo/8RQ8ayjms47HCWZIF5981oE5nIenbfThKDxWXtEHKipAOWlflpPJzZx9y/JWYQkp18Awr7VuepFg=="],

    "@mary-ext/event-iterator": ["@mary-ext/event-iterator@1.0.0", "", { "dependencies": { "yocto-queue": "^1.2.1" } }, "sha512-l6gCPsWJ8aRCe/s7/oCmero70kDHgIK5m4uJvYgwEYTqVxoBOIXbKr5tnkLqUHEg6mNduB4IWvms3h70Hp9ADQ=="],

    "@mary-ext/simple-event-emitter": ["@mary-ext/simple-event-emitter@1.0.1", "", {}, "sha512-9+VvZisxZ/gSg+JJH7hmXaA8Qj42Qjz3O58RSB+INYc8iLA0icATZxHB9vKbj59ojDGZjO3hCKzMXocx3L0H8w=="],

    "@muni-town/leaf-client": ["@muni-town/leaf-client@0.1.0-alpha.17", "", { "dependencies": { "@atcute/cbor": "^2.2.8", "@atcute/cid": "^2.2.6", "socket.io-client": "^4.8.1", "socket.io-msgpack-parser": "^3.0.2" }, "bin": { "leaf": "dist/cli/index.js" } }, "sha512-FDKUT4DIpZblpGwIbQj+UuTWEy4Ud2BSoLDUJ+Axz4/AnveOh0RX/a7cu/L3P+uqphg4wVH1TsQqe2rS8UoELg=="],

    "@opentelemetry/api": ["@opentelemetry/api@1.9.0", "", {}, "sha512-3giAOQvZiH5F9bMlMiv8+GSPMeqg0dbaeo58/0SlA9sxSqZhnUtxzX9/2FzyhS9sWQf5S0GJE0AKBrFqjpeYcg=="],

    "@roomy-space/sdk": ["@roomy-space/sdk@0.3.1", "", { "dependencies": { "@ark/util": "^0.56.0", "@atcute/cbor": "^2.2.8", "@atproto/api": "^0.14.22", "@atproto/lexicon": "^0.4.14", "@atproto/oauth-client": "^0.5.6", "@muni-town/leaf-client": "0.1.0-alpha.17", "@opentelemetry/api": "^1.9.0", "arktype": "^2.1.29", "ulidx": "^2.4.1" } }, "sha512-imttOKaaNBtoa2OseC6Dgy0YpQZ7/Fx9s9TzvXiFrKBo3LZdZU/CXjIIZJXlIWt9oJ6BYciut0sCGP4rG1TeTw=="],

    "@socket.io/component-emitter": ["@socket.io/component-emitter@3.1.2", "", {}, "sha512-9BCxFwvbGg/RsZK9tjXd8s4UcwR0MWeFQ1XEKIQVVvAGJyINdrqKMcTRyLoK8Rse1GjzLV9cwjWV1olXRWEXVA=="],

    "@standard-schema/spec": ["@standard-schema/spec@1.1.0", "", {}, "sha512-l2aFy5jALhniG5HgqrD6jXLi/rUWrKvqN/qJx6yoJsgKhblVd+iqqU4RCXavm/jPityDo5TCvKMnpjKnOriy0w=="],

    "@types/bun": ["@types/bun@1.3.11", "", { "dependencies": { "bun-types": "1.3.11" } }, "sha512-5vPne5QvtpjGpsGYXiFyycfpDF2ECyPcTSsFBMa0fraoxiQyMJ3SmuQIGhzPg2WJuWxVBoxWJ2kClYTcw/4fAg=="],

    "@types/node": ["@types/node@25.5.0", "", { "dependencies": { "undici-types": "~7.18.0" } }, "sha512-jp2P3tQMSxWugkCUKLRPVUpGaL5MVFwF8RDuSRztfwgN1wmqJeMSbKlnEtQqU8UrhTmzEmZdu2I6v2dpp7XIxw=="],

    "arkregex": ["arkregex@0.0.5", "", { "dependencies": { "@ark/util": "0.56.0" } }, "sha512-ncYjBdLlh5/QnVsAA8De16Tc9EqmYM7y/WU9j+236KcyYNUXogpz3sC4ATIZYzzLxwI+0sEOaQLEmLmRleaEXw=="],

    "arktype": ["arktype@2.2.0", "", { "dependencies": { "@ark/schema": "0.56.0", "@ark/util": "0.56.0", "arkregex": "0.0.5" } }, "sha512-t54MZ7ti5BhOEvzEkgKnWvqj+UbDfWig+DHr5I34xatymPusKLS0lQpNJd8M6DzmIto2QGszHfNKoFIT8tMCZQ=="],

    "await-lock": ["await-lock@2.2.2", "", {}, "sha512-aDczADvlvTGajTDjcjpJMqRkOF6Qdz3YbPZm/PyW6tKPkx2hlYBzxMhEywM/tU72HrVZjgl5VCdRuMlA7pZ8Gw=="],

    "bun-types": ["bun-types@1.3.11", "", { "dependencies": { "@types/node": "*" } }, "sha512-1KGPpoxQWl9f6wcZh57LvrPIInQMn2TQ7jsgxqpRzg+l0QPOFvJVH7HmvHo/AiPgwXy+/Thf6Ov3EdVn1vOabg=="],

    "component-emitter": ["component-emitter@1.3.1", "", {}, "sha512-T0+barUSQRTUQASh8bx02dl+DhF54GtIDY13Y3m9oWTklKbb3Wv974meRpeZ3lp1JpLVECWWNHC4vaG2XHXouQ=="],

    "core-js": ["core-js@3.49.0", "", {}, "sha512-es1U2+YTtzpwkxVLwAFdSpaIMyQaq0PBgm3YD1W3Qpsn1NAmO3KSgZfu+oGSWVu6NvLHoHCV/aYcsE5wiB7ALg=="],

    "debug": ["debug@4.4.3", "", { "dependencies": { "ms": "^2.1.3" } }, "sha512-RGwwWnwQvkVfavKVt22FGLw+xYSdzARwm0ru6DhTVA3umU5hZc28V3kO4stgYryrTlLpuvgI9GiijltAjNbcqA=="],

    "engine.io-client": ["engine.io-client@6.6.4", "", { "dependencies": { "@socket.io/component-emitter": "~3.1.0", "debug": "~4.4.1", "engine.io-parser": "~5.2.1", "ws": "~8.18.3", "xmlhttprequest-ssl": "~2.1.1" } }, "sha512-+kjUJnZGwzewFDw951CDWcwj35vMNf2fcj7xQWOctq1F2i1jkDdVvdFG9kM/BEChymCH36KgjnW0NsL58JYRxw=="],

    "engine.io-parser": ["engine.io-parser@5.2.3", "", {}, "sha512-HqD3yTBfnBxIrbnM1DoD6Pcq8NECnh8d4As1Qgh0z5Gg3jRRIqijury0CL3ghu/edArpUYiYqQiDUQBIs4np3Q=="],

    "esm-env": ["esm-env@1.2.2", "", {}, "sha512-Epxrv+Nr/CaL4ZcFGPJIYLWFom+YeV1DqMLHJoEd9SYRxNbaFruBwfEX/kkHUJf55j2+TUbmDcmuilbP1TmXHA=="],

    "event-target-polyfill": ["event-target-polyfill@0.0.4", "", {}, "sha512-Gs6RLjzlLRdT8X9ZipJdIZI/Y6/HhRLyq9RdDlCsnpxr/+Nn6bU2EFGuC94GjxqhM+Nmij2Vcq98yoHrU8uNFQ=="],

    "iso-datestring-validator": ["iso-datestring-validator@2.2.2", "", {}, "sha512-yLEMkBbLZTlVQqOnQ4FiMujR6T4DEcCb1xizmvXS+OxuhwcbtynoosRzdMA69zZCShCNAbi+gJ71FxZBBXx1SA=="],

    "layerr": ["layerr@3.0.0", "", {}, "sha512-tv754Ki2dXpPVApOrjTyRo4/QegVb9eVFq4mjqp4+NM5NaX7syQvN5BBNfV/ZpAHCEHV24XdUVrBAoka4jt3pA=="],

    "lru-cache": ["lru-cache@10.4.3", "", {}, "sha512-JNAzZcXrCt42VGLuYz0zfAzDfAvJWW6AfYlDBQyDV5DClI2m5sAmK+OIO7s59XfsRsWHp02jAJrRadPRGTt6SQ=="],

    "ms": ["ms@2.1.3", "", {}, "sha512-6FlzubTLZG3J2a/NVCAleEhjzq5oxgHyaCU9yYXvcLsvoVaHJq/s5xXI6/XXP6tz7R9xAOtHnSO/tXtF3WRTlA=="],

    "multiformats": ["multiformats@9.9.0", "", {}, "sha512-HoMUjhH9T8DDBNT+6xzkrd9ga/XiBI4xLr58LJACwK6G3HTOPeMz4nB4KJs33L2BelrIJa7P0VuNaVF3hMYfjg=="],

    "notepack.io": ["notepack.io@2.2.0", "", {}, "sha512-9b5w3t5VSH6ZPosoYnyDONnUTF8o0UkBw7JLA6eBlYJWyGT1Q3vQa8Hmuj1/X6RYvHjjygBDgw6fJhe0JEojfw=="],

    "partysocket": ["partysocket@1.1.16", "", { "dependencies": { "event-target-polyfill": "^0.0.4" }, "peerDependencies": { "react": ">=17" }, "optionalPeers": ["react"] }, "sha512-d7xFv+ZC7x0p/DAHWJ5FhxQhimIx+ucyZY+kxL0cKddLBmK9c4p2tEA/L+dOOrWm6EYrRwrBjKQV0uSzOY9x1w=="],

    "socket.io-client": ["socket.io-client@4.8.3", "", { "dependencies": { "@socket.io/component-emitter": "~3.1.0", "debug": "~4.4.1", "engine.io-client": "~6.6.1", "socket.io-parser": "~4.2.4" } }, "sha512-uP0bpjWrjQmUt5DTHq9RuoCBdFJF10cdX9X+a368j/Ft0wmaVgxlrjvK3kjvgCODOMMOz9lcaRzxmso0bTWZ/g=="],

    "socket.io-msgpack-parser": ["socket.io-msgpack-parser@3.0.2", "", { "dependencies": { "component-emitter": "~1.3.0", "notepack.io": "~2.2.0" } }, "sha512-1e76bJ1PCKi9H+JiYk+S29PBJvknHjQWM7Mtj0hjF2KxDA6b6rQxv3rTsnwBoz/haZOhlCDIMQvPATbqYeuMxg=="],

    "socket.io-parser": ["socket.io-parser@4.2.6", "", { "dependencies": { "@socket.io/component-emitter": "~3.1.0", "debug": "~4.4.1" } }, "sha512-asJqbVBDsBCJx0pTqw3WfesSY0iRX+2xzWEWzrpcH7L6fLzrhyF8WPI8UaeM4YCuDfpwA/cgsdugMsmtz8EJeg=="],

    "tlds": ["tlds@1.261.0", "", { "bin": { "tlds": "bin.js" } }, "sha512-QXqwfEl9ddlGBaRFXIvNKK6OhipSiLXuRuLJX5DErz0o0Q0rYxulWLdFryTkV5PkdZct5iMInwYEGe/eR++1AA=="],

    "tslib": ["tslib@2.8.1", "", {}, "sha512-oJFu94HQb+KVduSUQL7wnpmqnfmLsOA/nAh6b6EH0wCEoK0/mPeXU6c3wKDV83MkOuHPRHtSXKKU99IBazS/2w=="],

    "type-fest": ["type-fest@4.41.0", "", {}, "sha512-TeTSQ6H5YHvpqVwBRcnLDCBnDOHWYu7IvGbHT6N8AOymcr9PJGjc1GTtiWZTYg0NCgYwvnYWEkVChQAr9bjfwA=="],

    "typescript": ["typescript@5.9.3", "", { "bin": { "tsc": "bin/tsc", "tsserver": "bin/tsserver" } }, "sha512-jl1vZzPDinLr9eUt3J/t7V6FgNEw9QjvBPdysz9KfQDD41fQrC2Y4vKQdiaUpFT4bXlb1RHhLpp8wtm6M5TgSw=="],

    "uint8arrays": ["uint8arrays@3.0.0", "", { "dependencies": { "multiformats": "^9.4.2" } }, "sha512-HRCx0q6O9Bfbp+HHSfQQKD7wU70+lydKVt4EghkdOvlK/NlrF90z+eXV34mUd48rNvVJXwkrMSPpCATkct8fJA=="],

    "ulidx": ["ulidx@2.4.1", "", { "dependencies": { "layerr": "^3.0.0" } }, "sha512-xY7c8LPyzvhvew0Fn+Ek3wBC9STZAuDI/Y5andCKi9AX6/jvfaX45PhsDX8oxgPL0YFp0Jhr8qWMbS/p9375Xg=="],

    "undici-types": ["undici-types@7.18.2", "", {}, "sha512-AsuCzffGHJybSaRrmr5eHr81mwJU3kjw6M+uprWvCXiNeN9SOGwQ3Jn8jb8m3Z6izVgknn1R0FTCEAP2QrLY/w=="],

    "unicode-segmenter": ["unicode-segmenter@0.14.5", "", {}, "sha512-jHGmj2LUuqDcX3hqY12Ql+uhUTn8huuxNZGq7GvtF6bSybzH3aFgedYu/KTzQStEgt1Ra2F3HxadNXsNjb3m3g=="],

    "ws": ["ws@8.18.3", "", { "peerDependencies": { "bufferutil": "^4.0.1", "utf-8-validate": ">=5.0.2" }, "optionalPeers": ["bufferutil", "utf-8-validate"] }, "sha512-PEIGCY5tSlUt50cqyMXfCzX+oOPqN0vuGqWzbcJ2xvnkzkq46oOpz7dQaTDBdfICb4N14+GARUDw2XV2N4tvzg=="],

    "xmlhttprequest-ssl": ["xmlhttprequest-ssl@2.1.2", "", {}, "sha512-TEU+nJVUUnA4CYJFLvK5X9AOeH4KvDvhIfm0vV1GaQRtchnG0hgK5p8hw/xjv8cunWYCsiPCSDzObPyhEwq3KQ=="],

    "yocto-queue": ["yocto-queue@1.2.2", "", {}, "sha512-4LCcse/U2MHZ63HAJVE+v71o7yOdIe4cZ70Wpf8D/IyjDKYQLV5GD46B+hSTjJsvV5PztjvHoU580EftxjDZFQ=="],

    "zod": ["zod@3.25.76", "", {}, "sha512-gzUt/qt81nXsFGKIFcC3YnfEAx5NkunCfnDlvuBSSFS02bcXu4Lmea0AFIUwbLWxWPx3d9p8S5QoaujKcNQxcQ=="],

    "@atproto/common-web/@atproto/syntax": ["@atproto/syntax@0.5.1", "", { "dependencies": { "tslib": "^2.8.1" } }, "sha512-J8DJjgKgACIyCTbpfvoTnf7+ofTx1kxTGO7KAftkC+jczaMdQhKdgIBAg2DaYy+80cvYGTHy5q/HI9qMAwGbWw=="],

    "@atproto/oauth-client/@atproto/xrpc": ["@atproto/xrpc@0.7.7", "", { "dependencies": { "@atproto/lexicon": "^0.6.0", "zod": "^3.23.8" } }, "sha512-K1ZyO/BU8JNtXX5dmPp7b5UrkLMMqpsIa/Lrj5D3Su+j1Xwq1m6QJ2XJ1AgjEjkI1v4Muzm7klianLE6XGxtmA=="],

    "@atproto/oauth-client/@atproto/xrpc/@atproto/lexicon": ["@atproto/lexicon@0.6.2", "", { "dependencies": { "@atproto/common-web": "^0.4.18", "@atproto/syntax": "^0.5.0", "iso-datestring-validator": "^2.2.2", "multiformats": "^9.9.0", "zod": "^3.23.8" } }, "sha512-p3Ly6hinVZW0ETuAXZMeUGwuMm3g8HvQMQ41yyEE6AL0hAkfeKFaZKos6BdBrr6CjkpbrDZqE8M+5+QOceysMw=="],

    "@atproto/oauth-client/@atproto/xrpc/@atproto/lexicon/@atproto/syntax": ["@atproto/syntax@0.5.1", "", { "dependencies": { "tslib": "^2.8.1" } }, "sha512-J8DJjgKgACIyCTbpfvoTnf7+ofTx1kxTGO7KAftkC+jczaMdQhKdgIBAg2DaYy+80cvYGTHy5q/HI9qMAwGbWw=="],
  }
}
